
Microsoft Visual Studio Solution File, Format Version 12.00
# Visual Studio Version 16
VisualStudioVersion = 16.0.30114.105
MinimumVisualStudioVersion = 10.0.40219.1
Project("{2150E333-8FDC-42A3-9474-1A3956D46DE8}") = "src", "src", "{927B089A-2AAA-4CC0-8C4A-3CC9D6E07FE3}"
EndProject
Project("{2150E333-8FDC-42A3-9474-1A3956D46DE8}") = "core", "core", "{0AA01F51-E0F2-4856-9E74-7F0C54A4C920}"
EndProject
Project("{9A19103F-16F7-4668-BE54-9A1E7A4F7556}") = "Travel.Domain", "src\core\Travel.Domain\Travel.Domain.csproj", "{B5A70B63-D88D-4EDE-9AE5-BFF205B1AC95}"
EndProject
Project("{9A19103F-16F7-4668-BE54-9A1E7A4F7556}") = "Travel.Application", "src\core\Travel.Application\Travel.Application.csproj", "{8E08C74A-D1BB-4ED8-A6AA-9A1E375952F0}"
EndProject
Project("{2150E333-8FDC-42A3-9474-1A3956D46DE8}") = "infrastructure", "infrastructure", "{49C0C69B-7C47-476E-9FB5-24A2E88BF332}"
EndProject
Project("{9A19103F-16F7-4668-BE54-9A1E7A4F7556}") = "Travel.Data", "src\infrastructure\Travel.Data\Travel.Data.csproj", "{D65EDB2D-A057-4247-ACC0-2194E3CEC7BF}"
EndProject
Project("{9A19103F-16F7-4668-BE54-9A1E7A4F7556}") = "Travel.Shared", "src\infrastructure\Travel.Shared\Travel.Shared.csproj", "{B507D6F5-3D1F-43E4-AAA8-C9F58D4C6E63}"
EndProject
Project("{2150E333-8FDC-42A3-9474-1A3956D46DE8}") = "presentation", "presentation", "{6CD05488-C6E9-4A4A-8C29-B03A8341B463}"
EndProject
Project("{9A19103F-16F7-4668-BE54-9A1E7A4F7556}") = "Travel.WebApi", "src\presentation\Travel.WebApi\Travel.WebApi.csproj", "{F36F4F63-32F5-46BF-A5B5-03AA4A575FB7}"
EndProject
Project("{FAE04EC0-301F-11D3-BF4B-00C04F79EFBC}") = "Travel.Identity", "src\infrastructure\Travel.Identity\Travel.Identity.csproj", "{34616A3C-A64C-4DF8-9B21-EFE5EB487F64}"
EndProject
Project("{2150E333-8FDC-42A3-9474-1A3956D46DE8}") = "tests", "tests", "{7B55917A-B1FE-400B-A875-DB570A9C9A7F}"
EndProject
Project("{FAE04EC0-301F-11D3-BF4B-00C04F79EFBC}") = "Application.IntegrationTests", "tests\Application.IntegrationTests\Application.IntegrationTests.csproj", "{BB45F77F-E71B-4D7A-90BC-E8B4CE62308E}"
EndProject
Project("{FAE04EC0-301F-11D3-BF4B-00C04F79EFBC}") = "Application.UnitTests", "tests\Application.UnitTests\Application.UnitTests.csproj", "{2E71E2B5-3C38-47FF-BA08-B39B302731BB}"
EndProject
Global
	GlobalSection(SolutionConfigurationPlatforms) = preSolution
		Debug|Any CPU = Debug|Any CPU
		Debug|x64 = Debug|x64
		Debug|x86 = Debug|x86
		Release|Any CPU = Release|Any CPU
		Release|x64 = Release|x64
		Release|x86 = Release|x86
	EndGlobalSection
	GlobalSection(ProjectConfigurationPlatforms) = postSolution
		{B5A70B63-D88D-4EDE-9AE5-BFF205B1AC95}.Debug|Any CPU.ActiveCfg = Debug|Any CPU
		{B5A70B63-D88D-4EDE-9AE5-BFF205B1AC95}.Debug|Any CPU.Build.0 = Debug|Any CPU
		{B5A70B63-D88D-4EDE-9AE5-BFF205B1AC95}.Debug|x64.ActiveCfg = Debug|Any CPU
		{B5A70B63-D88D-4EDE-9AE5-BFF205B1AC95}.Debug|x64.Build.0 = Debug|Any CPU
		{B5A70B63-D88D-4EDE-9AE5-BFF205B1AC95}.Debug|x86.ActiveCfg = Debug|Any CPU
		{B5A70B63-D88D-4EDE-9AE5-BFF205B1AC95}.Debug|x86.Build.0 = Debug|Any CPU
		{B5A70B63-D88D-4EDE-9AE5-BFF205B1AC95}.Release|Any CPU.ActiveCfg = Release|Any CPU
		{B5A70B63-D88D-4EDE-9AE5-BFF205B1AC95}.Release|Any CPU.Build.0 = Release|Any CPU
		{B5A70B63-D88D-4EDE-9AE5-BFF205B1AC95}.Release|x64.ActiveCfg = Release|Any CPU
		{B5A70B63-D88D-4EDE-9AE5-BFF205B1AC95}.Release|x64.Build.0 = Release|Any CPU
		{B5A70B63-D88D-4EDE-9AE5-BFF205B1AC95}.Release|x86.ActiveCfg = Release|Any CPU
		{B5A70B63-D88D-4EDE-9AE5-BFF205B1AC95}.Release|x86.Build.0 = Release|Any CPU
		{8E08C74A-D1BB-4ED8-A6AA-9A1E375952F0}.Debug|Any CPU.ActiveCfg = Debug|Any CPU
		{8E08C74A-D1BB-4ED8-A6AA-9A1E375952F0}.Debug|Any CPU.Build.0 = Debug|Any CPU
		{8E08C74A-D1BB-4ED8-A6AA-9A1E375952F0}.Debug|x64.ActiveCfg = Debug|Any CPU
		{8E08C74A-D1BB-4ED8-A6AA-9A1E375952F0}.Debug|x64.Build.0 = Debug|Any CPU
		{8E08C74A-D1BB-4ED8-A6AA-9A1E375952F0}.Debug|x86.ActiveCfg = Debug|Any CPU
		{8E08C74A-D1BB-4ED8-A6AA-9A1E375952F0}.Debug|x86.Build.0 = Debug|Any CPU
		{8E08C74A-D1BB-4ED8-A6AA-9A1E375952F0}.Release|Any CPU.ActiveCfg = Release|Any CPU
		{8E08C74A-D1BB-4ED8-A6AA-9A1E375952F0}.Release|Any CPU.Build.0 = Release|Any CPU
		{8E08C74A-D1BB-4ED8-A6AA-9A1E375952F0}.Release|x64.ActiveCfg = Release|Any CPU
		{8E08C74A-D1BB-4ED8-A6AA-9A1E375952F0}.Release|x64.Build.0 = Release|Any CPU
		{8E08C74A-D1BB-4ED8-A6AA-9A1E375952F0}.Release|x86.ActiveCfg = Release|Any CPU
		{8E08C74A-D1BB-4ED8-A6AA-9A1E375952F0}.Release|x86.Build.0 = Release|Any CPU
		{D65EDB2D-A057-4247-ACC0-2194E3CEC7BF}.Debug|Any CPU.ActiveCfg = Debug|Any CPU
		{D65EDB2D-A057-4247-ACC0-2194E3CEC7BF}.Debug|Any CPU.Build.0 = Debug|Any CPU
		{D65EDB2D-A057-4247-ACC0-2194E3CEC7BF}.Debug|x64.ActiveCfg = Debug|Any CPU
		{D65EDB2D-A057-4247-ACC0-2194E3CEC7BF}.Debug|x64.Build.0 = Debug|Any CPU
		{D65EDB2D-A057-4247-ACC0-2194E3CEC7BF}.Debug|x86.ActiveCfg = Debug|Any CPU
		{D65EDB2D-A057-4247-ACC0-2194E3CEC7BF}.Debug|x86.Build.0 = Debug|Any CPU
		{D65EDB2D-A057-4247-ACC0-2194E3CEC7BF}.Release|Any CPU.ActiveCfg = Release|Any CPU
		{D65EDB2D-A057-4247-ACC0-2194E3CEC7BF}.Release|Any CPU.Build.0 = Release|Any CPU
		{D65EDB2D-A057-4247-ACC0-2194E3CEC7BF}.Release|x64.ActiveCfg = Release|Any CPU
		{D65EDB2D-A057-4247-ACC0-2194E3CEC7BF}.Release|x64.Build.0 = Release|Any CPU
		{D65EDB2D-A057-4247-ACC0-2194E3CEC7BF}.Release|x86.ActiveCfg = Release|Any CPU
		{D65EDB2D-A057-4247-ACC0-2194E3CEC7BF}.Release|x86.Build.0 = Release|Any CPU
		{B507D6F5-3D1F-43E4-AAA8-C9F58D4C6E63}.Debug|Any CPU.ActiveCfg = Debug|Any CPU
		{B507D6F5-3D1F-43E4-AAA8-C9F58D4C6E63}.Debug|Any CPU.Build.0 = Debug|Any CPU
		{B507D6F5-3D1F-43E4-AAA8-C9F58D4C6E63}.Debug|x64.ActiveCfg = Debug|Any CPU
		{B507D6F5-3D1F-43E4-AAA8-C9F58D4C6E63}.Debug|x64.Build.0 = Debug|Any CPU
		{B507D6F5-3D1F-43E4-AAA8-C9F58D4C6E63}.Debug|x86.ActiveCfg = Debug|Any CPU
		{B507D6F5-3D1F-43E4-AAA8-C9F58D4C6E63}.Debug|x86.Build.0 = Debug|Any CPU
		{B507D6F5-3D1F-43E4-AAA8-C9F58D4C6E63}.Release|Any CPU.ActiveCfg = Release|Any CPU
		{B507D6F5-3D1F-43E4-AAA8-C9F58D4C6E63}.Release|Any CPU.Build.0 = Release|Any CPU
		{B507D6F5-3D1F-43E4-AAA8-C9F58D4C6E63}.Release|x64.ActiveCfg = Release|Any CPU
		{B507D6F5-3D1F-43E4-AAA8-C9F58D4C6E63}.Release|x64.Build.0 = Release|Any CPU
		{B507D6F5-3D1F-43E4-AAA8-C9F58D4C6E63}.Release|x86.ActiveCfg = Release|Any CPU
		{B507D6F5-3D1F-43E4-AAA8-C9F58D4C6E63}.Release|x86.Build.0 = Release|Any CPU
		{F36F4F63-32F5-46BF-A5B5-03AA4A575FB7}.Debug|Any CPU.ActiveCfg = Debug|Any CPU
		{F36F4F63-32F5-46BF-A5B5-03AA4A575FB7}.Debug|Any CPU.Build.0 = Debug|Any CPU
		{F36F4F63-32F5-46BF-A5B5-03AA4A575FB7}.Debug|x64.ActiveCfg = Debug|Any CPU
		{F36F4F63-32F5-46BF-A5B5-03AA4A575FB7}.Debug|x64.Build.0 = Debug|Any CPU
		{F36F4F63-32F5-46BF-A5B5-03AA4A575FB7}.Debug|x86.ActiveCfg = Debug|Any CPU
		{F36F4F63-32F5-46BF-A5B5-03AA4A575FB7}.Debug|x86.Build.0 = Debug|Any CPU
		{F36F4F63-32F5-46BF-A5B5-03AA4A575FB7}.Release|Any CPU.ActiveCfg = Release|Any CPU
		{F36F4F63-32F5-46BF-A5B5-03AA4A575FB7}.Release|Any CPU.Build.0 = Release|Any CPU
		{F36F4F63-32F5-46BF-A5B5-03AA4A575FB7}.Release|x64.ActiveCfg = Release|Any CPU
		{F36F4F63-32F5-46BF-A5B5-03AA4A575FB7}.Release|x64.Build.0 = Release|Any CPU
		{F36F4F63-32F5-46BF-A5B5-03AA4A575FB7}.Release|x86.ActiveCfg = Release|Any CPU
		{F36F4F63-32F5-46BF-A5B5-03AA4A575FB7}.Release|x86.Build.0 = Release|Any CPU
		{34616A3C-A64C-4DF8-9B21-EFE5EB487F64}.Debug|Any CPU.ActiveCfg = Debug|Any CPU
		{34616A3C-A64C-4DF8-9B21-EFE5EB487F64}.Debug|Any CPU.Build.0 = Debug|Any CPU
		{34616A3C-A64C-4DF8-9B21-EFE5EB487F64}.Debug|x64.ActiveCfg = Debug|Any CPU
		{34616A3C-A64C-4DF8-9B21-EFE5EB487F64}.Debug|x64.Build.0 = Debug|Any CPU
		{34616A3C-A64C-4DF8-9B21-EFE5EB487F64}.Debug|x86.ActiveCfg = Debug|Any CPU
		{34616A3C-A64C-4DF8-9B21-EFE5EB487F64}.Debug|x86.Build.0 = Debug|Any CPU
		{34616A3C-A64C-4DF8-9B21-EFE5EB487F64}.Release|Any CPU.ActiveCfg = Release|Any CPU
		{34616A3C-A64C-4DF8-9B21-EFE5EB487F64}.Release|Any CPU.Build.0 = Release|Any CPU
		{34616A3C-A64C-4DF8-9B21-EFE5EB487F64}.Release|x64.ActiveCfg = Release|Any CPU
		{34616A3C-A64C-4DF8-9B21-EFE5EB487F64}.Release|x64.Build.0 = Release|Any CPU
		{34616A3C-A64C-4DF8-9B21-EFE5EB487F64}.Release|x86.ActiveCfg = Release|Any CPU
		{34616A3C-A64C-4DF8-9B21-EFE5EB487F64}.Release|x86.Build.0 = Release|Any CPU
		{BB45F77F-E71B-4D7A-90BC-E8B4CE62308E}.Debug|Any CPU.ActiveCfg = Debug|Any CPU
		{BB45F77F-E71B-4D7A-90BC-E8B4CE62308E}.Debug|Any CPU.Build.0 = Debug|Any CPU
		{BB45F77F-E71B-4D7A-90BC-E8B4CE62308E}.Debug|x64.ActiveCfg = Debug|Any CPU
		{BB45F77F-E71B-4D7A-90BC-E8B4CE62308E}.Debug|x64.Build.0 = Debug|Any CPU
		{BB45F77F-E71B-4D7A-90BC-E8B4CE62308E}.Debug|x86.ActiveCfg = Debug|Any CPU
		{BB45F77F-E71B-4D7A-90BC-E8B4CE62308E}.Debug|x86.Build.0 = Debug|Any CPU
		{BB45F77F-E71B-4D7A-90BC-E8B4CE62308E}.Release|Any CPU.ActiveCfg = Release|Any CPU
		{BB45F77F-E71B-4D7A-90BC-E8B4CE62308E}.Release|Any CPU.Build.0 = Release|Any CPU
		{BB45F77F-E71B-4D7A-90BC-E8B4CE62308E}.Release|x64.ActiveCfg = Release|Any CPU
		{BB45F77F-E71B-4D7A-90BC-E8B4CE62308E}.Release|x64.Build.0 = Release|Any CPU
		{BB45F77F-E71B-4D7A-90BC-E8B4CE62308E}.Release|x86.ActiveCfg = Release|Any CPU
		{BB45F77F-E71B-4D7A-90BC-E8B4CE62308E}.Release|x86.Build.0 = Release|Any CPU
		{2E71E2B5-3C38-47FF-BA08-B39B302731BB}.Debug|Any CPU.ActiveCfg = Debug|Any CPU
		{2E71E2B5-3C38-47FF-BA08-B39B302731BB}.Debug|Any CPU.Build.0 = Debug|Any CPU
		{2E71E2B5-3C38-47FF-BA08-B39B302731BB}.Debug|x64.ActiveCfg = Debug|Any CPU
		{2E71E2B5-3C38-47FF-BA08-B39B302731BB}.Debug|x64.Build.0 = Debug|Any CPU
		{2E71E2B5-3C38-47FF-BA08-B39B302731BB}.Debug|x86.ActiveCfg = Debug|Any CPU
		{2E71E2B5-3C38-47FF-BA08-B39B302731BB}.Debug|x86.Build.0 = Debug|Any CPU
		{2E71E2B5-3C38-47FF-BA08-B39B302731BB}.Release|Any CPU.ActiveCfg = Release|Any CPU
		{2E71E2B5-3C38-47FF-BA08-B39B302731BB}.Release|Any CPU.Build.0 = Release|Any CPU
		{2E71E2B5-3C38-47FF-BA08-B39B302731BB}.Release|x64.ActiveCfg = Release|Any CPU
		{2E71E2B5-3C38-47FF-BA08-B39B302731BB}.Release|x64.Build.0 = Release|Any CPU
		{2E71E2B5-3C38-47FF-BA08-B39B302731BB}.Release|x86.ActiveCfg = Release|Any CPU
		{2E71E2B5-3C38-47FF-BA08-B39B302731BB}.Release|x86.Build.0 = Release|Any CPU
	EndGlobalSection
	GlobalSection(SolutionProperties) = preSolution
		HideSolutionNode = FALSE
	EndGlobalSection
	GlobalSection(NestedProjects) = preSolution
		{0AA01F51-E0F2-4856-9E74-7F0C54A4C920} = {927B089A-2AAA-4CC0-8C4A-3CC9D6E07FE3}
		{B5A70B63-D88D-4EDE-9AE5-BFF205B1AC95} = {0AA01F51-E0F2-4856-9E74-7F0C54A4C920}
		{8E08C74A-D1BB-4ED8-A6AA-9A1E375952F0} = {0AA01F51-E0F2-4856-9E74-7F0C54A4C920}
		{49C0C69B-7C47-476E-9FB5-24A2E88BF332} = {927B089A-2AAA-4CC0-8C4A-3CC9D6E07FE3}
		{D65EDB2D-A057-4247-ACC0-2194E3CEC7BF} = {49C0C69B-7C47-476E-9FB5-24A2E88BF332}
		{B507D6F5-3D1F-43E4-AAA8-C9F58D4C6E63} = {49C0C69B-7C47-476E-9FB5-24A2E88BF332}
		{6CD05488-C6E9-4A4A-8C29-B03A8341B463} = {927B089A-2AAA-4CC0-8C4A-3CC9D6E07FE3}
		{F36F4F63-32F5-46BF-A5B5-03AA4A575FB7} = {6CD05488-C6E9-4A4A-8C29-B03A8341B463}
		{34616A3C-A64C-4DF8-9B21-EFE5EB487F64} = {49C0C69B-7C47-476E-9FB5-24A2E88BF332}
		{BB45F77F-E71B-4D7A-90BC-E8B4CE62308E} = {7B55917A-B1FE-400B-A875-DB570A9C9A7F}
		{2E71E2B5-3C38-47FF-BA08-B39B302731BB} = {7B55917A-B1FE-400B-A875-DB570A9C9A7F}
	EndGlobalSection
	GlobalSection(ExtensibilityGlobals) = postSolution
		SolutionGuid = {AC96E90C-2BB4-4A10-81D8-1C81875B11DD}
	EndGlobalSection
EndGlobal
